// !$*UTF8*$!
{
	archiveVersion = 1;
	classes = {
	};
	objectVersion = 56;
	objects = {

/* Begin PBXBuildFile section */
		0010CAB62977FFBE00F8705B /* AppColor.swift in Sources */ = {isa = PBXBuildFile; fileRef = 0010CAB52977FFBE00F8705B /* AppColor.swift */; };
		0010CAB82977FFDD00F8705B /* AppFont.swift in Sources */ = {isa = PBXBuildFile; fileRef = 0010CAB72977FFDC00F8705B /* AppFont.swift */; };
		0010CABD297801E900F8705B /* AppLabel.swift in Sources */ = {isa = PBXBuildFile; fileRef = 0010CABC297801E900F8705B /* AppLabel.swift */; };
		0010CABF297802A700F8705B /* UIView+addSubviews.swift in Sources */ = {isa = PBXBuildFile; fileRef = 0010CABE297802A700F8705B /* UIView+addSubviews.swift */; };
		0010CAC329780D5100F8705B /* UICollectionView+RegisterCell.swift in Sources */ = {isa = PBXBuildFile; fileRef = 0010CAC229780D5100F8705B /* UICollectionView+RegisterCell.swift */; };
		0010CAC52978138500F8705B /* Texts.swift in Sources */ = {isa = PBXBuildFile; fileRef = 0010CAC42978138500F8705B /* Texts.swift */; };
		0010CAC82978161600F8705B /* UITableView+RegisterCell.swift in Sources */ = {isa = PBXBuildFile; fileRef = 0010CAC72978161600F8705B /* UITableView+RegisterCell.swift */; };
		0010CACB29782E1500F8705B /* OpenSans-Bold.ttf in Resources */ = {isa = PBXBuildFile; fileRef = 0010CACA29782E1500F8705B /* OpenSans-Bold.ttf */; };
		0010CACC29782E1500F8705B /* OpenSans-Bold.ttf in Resources */ = {isa = PBXBuildFile; fileRef = 0010CACA29782E1500F8705B /* OpenSans-Bold.ttf */; };
		0010CACD29782E1500F8705B /* OpenSans-Bold.ttf in Resources */ = {isa = PBXBuildFile; fileRef = 0010CACA29782E1500F8705B /* OpenSans-Bold.ttf */; };
		0010CAD129782E4800F8705B /* OpenSans-Regular.ttf in Resources */ = {isa = PBXBuildFile; fileRef = 0010CACE29782E4700F8705B /* OpenSans-Regular.ttf */; };
		0010CAD229782E4800F8705B /* OpenSans-Regular.ttf in Resources */ = {isa = PBXBuildFile; fileRef = 0010CACE29782E4700F8705B /* OpenSans-Regular.ttf */; };
		0010CAD329782E4800F8705B /* OpenSans-Regular.ttf in Resources */ = {isa = PBXBuildFile; fileRef = 0010CACE29782E4700F8705B /* OpenSans-Regular.ttf */; };
		0010CAD429782E4800F8705B /* OpenSans-ExtraBold.ttf in Resources */ = {isa = PBXBuildFile; fileRef = 0010CACF29782E4700F8705B /* OpenSans-ExtraBold.ttf */; };
		0010CAD529782E4800F8705B /* OpenSans-ExtraBold.ttf in Resources */ = {isa = PBXBuildFile; fileRef = 0010CACF29782E4700F8705B /* OpenSans-ExtraBold.ttf */; };
		0010CAD629782E4800F8705B /* OpenSans-ExtraBold.ttf in Resources */ = {isa = PBXBuildFile; fileRef = 0010CACF29782E4700F8705B /* OpenSans-ExtraBold.ttf */; };
		0010CAD729782E4800F8705B /* OpenSans-SemiBold.ttf in Resources */ = {isa = PBXBuildFile; fileRef = 0010CAD029782E4800F8705B /* OpenSans-SemiBold.ttf */; };
		0010CAD829782E4800F8705B /* OpenSans-SemiBold.ttf in Resources */ = {isa = PBXBuildFile; fileRef = 0010CAD029782E4800F8705B /* OpenSans-SemiBold.ttf */; };
		0010CAD929782E4800F8705B /* OpenSans-SemiBold.ttf in Resources */ = {isa = PBXBuildFile; fileRef = 0010CAD029782E4800F8705B /* OpenSans-SemiBold.ttf */; };
		0010CADB29783E7400F8705B /* AppImage.swift in Sources */ = {isa = PBXBuildFile; fileRef = 0010CADA29783E7400F8705B /* AppImage.swift */; };
		0010CADC29783E7400F8705B /* AppImage.swift in Sources */ = {isa = PBXBuildFile; fileRef = 0010CADA29783E7400F8705B /* AppImage.swift */; };
		0010CADD29783E7400F8705B /* AppImage.swift in Sources */ = {isa = PBXBuildFile; fileRef = 0010CADA29783E7400F8705B /* AppImage.swift */; };
		0010CADF29784E3C00F8705B /* Constants.swift in Sources */ = {isa = PBXBuildFile; fileRef = 0010CADE29784E3C00F8705B /* Constants.swift */; };
		0010CAE029784E3C00F8705B /* Constants.swift in Sources */ = {isa = PBXBuildFile; fileRef = 0010CADE29784E3C00F8705B /* Constants.swift */; };
		0010CAE129784E3C00F8705B /* Constants.swift in Sources */ = {isa = PBXBuildFile; fileRef = 0010CADE29784E3C00F8705B /* Constants.swift */; };
		006031AF2979B79400CD9A16 /* TabBarViewController.swift in Sources */ = {isa = PBXBuildFile; fileRef = 006031AE2979B79400CD9A16 /* TabBarViewController.swift */; };
		006031B5297BCA5700CD9A16 /* HomeViewController.swift in Sources */ = {isa = PBXBuildFile; fileRef = 006031B4297BCA5700CD9A16 /* HomeViewController.swift */; };
		006031B7297BCA6800CD9A16 /* SearchViewController.swift in Sources */ = {isa = PBXBuildFile; fileRef = 006031B6297BCA6800CD9A16 /* SearchViewController.swift */; };
		006031B9297BCA7B00CD9A16 /* MyListViewController.swift in Sources */ = {isa = PBXBuildFile; fileRef = 006031B8297BCA7B00CD9A16 /* MyListViewController.swift */; };
		006031BB297BCA9600CD9A16 /* ProfileViewController.swift in Sources */ = {isa = PBXBuildFile; fileRef = 006031BA297BCA9600CD9A16 /* ProfileViewController.swift */; };
		006031BD297BCB3500CD9A16 /* TabBarItems.swift in Sources */ = {isa = PBXBuildFile; fileRef = 006031BC297BCB3500CD9A16 /* TabBarItems.swift */; };
		006031C0297C087F00CD9A16 /* StartManager.swift in Sources */ = {isa = PBXBuildFile; fileRef = 006031BF297C087F00CD9A16 /* StartManager.swift */; };
		3A8F30E02974395F00F24DF7 /* AppDelegate.swift in Sources */ = {isa = PBXBuildFile; fileRef = 3A8F30DF2974395F00F24DF7 /* AppDelegate.swift */; };
		3A8F30E22974395F00F24DF7 /* SceneDelegate.swift in Sources */ = {isa = PBXBuildFile; fileRef = 3A8F30E12974395F00F24DF7 /* SceneDelegate.swift */; };
		3A8F30E42974395F00F24DF7 /* ViewController.swift in Sources */ = {isa = PBXBuildFile; fileRef = 3A8F30E32974395F00F24DF7 /* ViewController.swift */; };
		3A8F30EA2974395F00F24DF7 /* ShikiApp.xcdatamodeld in Sources */ = {isa = PBXBuildFile; fileRef = 3A8F30E82974395F00F24DF7 /* ShikiApp.xcdatamodeld */; };
		3A8F30EC2974396000F24DF7 /* Assets.xcassets in Resources */ = {isa = PBXBuildFile; fileRef = 3A8F30EB2974396000F24DF7 /* Assets.xcassets */; };
		3A8F30EF2974396000F24DF7 /* LaunchScreen.storyboard in Resources */ = {isa = PBXBuildFile; fileRef = 3A8F30ED2974396000F24DF7 /* LaunchScreen.storyboard */; };
		3A8F30FA2974396000F24DF7 /* ShikiAppTests.swift in Sources */ = {isa = PBXBuildFile; fileRef = 3A8F30F92974396000F24DF7 /* ShikiAppTests.swift */; };
		3A8F31042974396000F24DF7 /* ShikiAppUITests.swift in Sources */ = {isa = PBXBuildFile; fileRef = 3A8F31032974396000F24DF7 /* ShikiAppUITests.swift */; };
		3A8F31062974396000F24DF7 /* ShikiAppUITestsLaunchTests.swift in Sources */ = {isa = PBXBuildFile; fileRef = 3A8F31052974396000F24DF7 /* ShikiAppUITestsLaunchTests.swift */; };
/* End PBXBuildFile section */

/* Begin PBXContainerItemProxy section */
		3A8F30F62974396000F24DF7 /* PBXContainerItemProxy */ = {
			isa = PBXContainerItemProxy;
			containerPortal = 3A8F30D42974395F00F24DF7 /* Project object */;
			proxyType = 1;
			remoteGlobalIDString = 3A8F30DB2974395F00F24DF7;
			remoteInfo = ShikiApp;
		};
		3A8F31002974396000F24DF7 /* PBXContainerItemProxy */ = {
			isa = PBXContainerItemProxy;
			containerPortal = 3A8F30D42974395F00F24DF7 /* Project object */;
			proxyType = 1;
			remoteGlobalIDString = 3A8F30DB2974395F00F24DF7;
			remoteInfo = ShikiApp;
		};
/* End PBXContainerItemProxy section */

/* Begin PBXFileReference section */
		0010CAB52977FFBE00F8705B /* AppColor.swift */ = {isa = PBXFileReference; lastKnownFileType = sourcecode.swift; path = AppColor.swift; sourceTree = "<group>"; };
		0010CAB72977FFDC00F8705B /* AppFont.swift */ = {isa = PBXFileReference; lastKnownFileType = sourcecode.swift; path = AppFont.swift; sourceTree = "<group>"; };
		0010CABC297801E900F8705B /* AppLabel.swift */ = {isa = PBXFileReference; lastKnownFileType = sourcecode.swift; path = AppLabel.swift; sourceTree = "<group>"; };
		0010CABE297802A700F8705B /* UIView+addSubviews.swift */ = {isa = PBXFileReference; lastKnownFileType = sourcecode.swift; path = "UIView+addSubviews.swift"; sourceTree = "<group>"; };
		0010CAC229780D5100F8705B /* UICollectionView+RegisterCell.swift */ = {isa = PBXFileReference; lastKnownFileType = sourcecode.swift; path = "UICollectionView+RegisterCell.swift"; sourceTree = "<group>"; };
		0010CAC42978138500F8705B /* Texts.swift */ = {isa = PBXFileReference; lastKnownFileType = sourcecode.swift; path = Texts.swift; sourceTree = "<group>"; };
		0010CAC72978161600F8705B /* UITableView+RegisterCell.swift */ = {isa = PBXFileReference; lastKnownFileType = sourcecode.swift; path = "UITableView+RegisterCell.swift"; sourceTree = "<group>"; };
		0010CACA29782E1500F8705B /* OpenSans-Bold.ttf */ = {isa = PBXFileReference; lastKnownFileType = file; path = "OpenSans-Bold.ttf"; sourceTree = "<group>"; };
		0010CACE29782E4700F8705B /* OpenSans-Regular.ttf */ = {isa = PBXFileReference; lastKnownFileType = file; path = "OpenSans-Regular.ttf"; sourceTree = "<group>"; };
		0010CACF29782E4700F8705B /* OpenSans-ExtraBold.ttf */ = {isa = PBXFileReference; lastKnownFileType = file; path = "OpenSans-ExtraBold.ttf"; sourceTree = "<group>"; };
		0010CAD029782E4800F8705B /* OpenSans-SemiBold.ttf */ = {isa = PBXFileReference; lastKnownFileType = file; path = "OpenSans-SemiBold.ttf"; sourceTree = "<group>"; };
		0010CADA29783E7400F8705B /* AppImage.swift */ = {isa = PBXFileReference; lastKnownFileType = sourcecode.swift; path = AppImage.swift; sourceTree = "<group>"; };
		0010CADE29784E3C00F8705B /* Constants.swift */ = {isa = PBXFileReference; lastKnownFileType = sourcecode.swift; path = Constants.swift; sourceTree = "<group>"; };
		006031AE2979B79400CD9A16 /* TabBarViewController.swift */ = {isa = PBXFileReference; lastKnownFileType = sourcecode.swift; path = TabBarViewController.swift; sourceTree = "<group>"; };
		006031B4297BCA5700CD9A16 /* HomeViewController.swift */ = {isa = PBXFileReference; lastKnownFileType = sourcecode.swift; path = HomeViewController.swift; sourceTree = "<group>"; };
		006031B6297BCA6800CD9A16 /* SearchViewController.swift */ = {isa = PBXFileReference; lastKnownFileType = sourcecode.swift; path = SearchViewController.swift; sourceTree = "<group>"; };
		006031B8297BCA7B00CD9A16 /* MyListViewController.swift */ = {isa = PBXFileReference; lastKnownFileType = sourcecode.swift; path = MyListViewController.swift; sourceTree = "<group>"; };
		006031BA297BCA9600CD9A16 /* ProfileViewController.swift */ = {isa = PBXFileReference; lastKnownFileType = sourcecode.swift; path = ProfileViewController.swift; sourceTree = "<group>"; };
		006031BC297BCB3500CD9A16 /* TabBarItems.swift */ = {isa = PBXFileReference; lastKnownFileType = sourcecode.swift; path = TabBarItems.swift; sourceTree = "<group>"; };
		006031BF297C087F00CD9A16 /* StartManager.swift */ = {isa = PBXFileReference; lastKnownFileType = sourcecode.swift; path = StartManager.swift; sourceTree = "<group>"; };
		3A8F30DC2974395F00F24DF7 /* ShikiApp.app */ = {isa = PBXFileReference; explicitFileType = wrapper.application; includeInIndex = 0; path = ShikiApp.app; sourceTree = BUILT_PRODUCTS_DIR; };
		3A8F30DF2974395F00F24DF7 /* AppDelegate.swift */ = {isa = PBXFileReference; lastKnownFileType = sourcecode.swift; path = AppDelegate.swift; sourceTree = "<group>"; };
		3A8F30E12974395F00F24DF7 /* SceneDelegate.swift */ = {isa = PBXFileReference; lastKnownFileType = sourcecode.swift; path = SceneDelegate.swift; sourceTree = "<group>"; };
		3A8F30E32974395F00F24DF7 /* ViewController.swift */ = {isa = PBXFileReference; lastKnownFileType = sourcecode.swift; path = ViewController.swift; sourceTree = "<group>"; };
		3A8F30E92974395F00F24DF7 /* ShikiApp.xcdatamodel */ = {isa = PBXFileReference; lastKnownFileType = wrapper.xcdatamodel; path = ShikiApp.xcdatamodel; sourceTree = "<group>"; };
		3A8F30EB2974396000F24DF7 /* Assets.xcassets */ = {isa = PBXFileReference; lastKnownFileType = folder.assetcatalog; path = Assets.xcassets; sourceTree = "<group>"; };
		3A8F30EE2974396000F24DF7 /* Base */ = {isa = PBXFileReference; lastKnownFileType = file.storyboard; name = Base; path = Base.lproj/LaunchScreen.storyboard; sourceTree = "<group>"; };
		3A8F30F02974396000F24DF7 /* Info.plist */ = {isa = PBXFileReference; lastKnownFileType = text.plist.xml; path = Info.plist; sourceTree = "<group>"; };
		3A8F30F52974396000F24DF7 /* ShikiAppTests.xctest */ = {isa = PBXFileReference; explicitFileType = wrapper.cfbundle; includeInIndex = 0; path = ShikiAppTests.xctest; sourceTree = BUILT_PRODUCTS_DIR; };
		3A8F30F92974396000F24DF7 /* ShikiAppTests.swift */ = {isa = PBXFileReference; lastKnownFileType = sourcecode.swift; path = ShikiAppTests.swift; sourceTree = "<group>"; };
		3A8F30FF2974396000F24DF7 /* ShikiAppUITests.xctest */ = {isa = PBXFileReference; explicitFileType = wrapper.cfbundle; includeInIndex = 0; path = ShikiAppUITests.xctest; sourceTree = BUILT_PRODUCTS_DIR; };
		3A8F31032974396000F24DF7 /* ShikiAppUITests.swift */ = {isa = PBXFileReference; lastKnownFileType = sourcecode.swift; path = ShikiAppUITests.swift; sourceTree = "<group>"; };
		3A8F31052974396000F24DF7 /* ShikiAppUITestsLaunchTests.swift */ = {isa = PBXFileReference; lastKnownFileType = sourcecode.swift; path = ShikiAppUITestsLaunchTests.swift; sourceTree = "<group>"; };
/* End PBXFileReference section */

/* Begin PBXFrameworksBuildPhase section */
		3A8F30D92974395F00F24DF7 /* Frameworks */ = {
			isa = PBXFrameworksBuildPhase;
			buildActionMask = 2147483647;
			files = (
			);
			runOnlyForDeploymentPostprocessing = 0;
		};
		3A8F30F22974396000F24DF7 /* Frameworks */ = {
			isa = PBXFrameworksBuildPhase;
			buildActionMask = 2147483647;
			files = (
			);
			runOnlyForDeploymentPostprocessing = 0;
		};
		3A8F30FC2974396000F24DF7 /* Frameworks */ = {
			isa = PBXFrameworksBuildPhase;
			buildActionMask = 2147483647;
			files = (
			);
			runOnlyForDeploymentPostprocessing = 0;
		};
/* End PBXFrameworksBuildPhase section */

/* Begin PBXGroup section */
		0010CAB42977FF9A00F8705B /* Helpers */ = {
			isa = PBXGroup;
			children = (
				0010CAB52977FFBE00F8705B /* AppColor.swift */,
				0010CAB72977FFDC00F8705B /* AppFont.swift */,
				0010CADA29783E7400F8705B /* AppImage.swift */,
			);
			path = Helpers;
			sourceTree = "<group>";
		};
		0010CAB92978018C00F8705B /* Extensions */ = {
			isa = PBXGroup;
			children = (
				0010CAC6297815F300F8705B /* UITableView */,
				0010CAC129780D2E00F8705B /* UICollectionView */,
				0010CAC0297802B600F8705B /* UIView */,
			);
			path = Extensions;
			sourceTree = "<group>";
		};
		0010CABA297801A900F8705B /* UIComponents */ = {
			isa = PBXGroup;
			children = (
				0010CABB297801C300F8705B /* UILabel */,
			);
			path = UIComponents;
			sourceTree = "<group>";
		};
		0010CABB297801C300F8705B /* UILabel */ = {
			isa = PBXGroup;
			children = (
				0010CABC297801E900F8705B /* AppLabel.swift */,
			);
			path = UILabel;
			sourceTree = "<group>";
		};
		0010CAC0297802B600F8705B /* UIView */ = {
			isa = PBXGroup;
			children = (
				0010CABE297802A700F8705B /* UIView+addSubviews.swift */,
			);
			path = UIView;
			sourceTree = "<group>";
		};
		0010CAC129780D2E00F8705B /* UICollectionView */ = {
			isa = PBXGroup;
			children = (
				0010CAC229780D5100F8705B /* UICollectionView+RegisterCell.swift */,
			);
			path = UICollectionView;
			sourceTree = "<group>";
		};
		0010CAC6297815F300F8705B /* UITableView */ = {
			isa = PBXGroup;
			children = (
				0010CAC72978161600F8705B /* UITableView+RegisterCell.swift */,
			);
			path = UITableView;
			sourceTree = "<group>";
		};
		0010CAC92978236C00F8705B /* Fonts */ = {
			isa = PBXGroup;
			children = (
				0010CACF29782E4700F8705B /* OpenSans-ExtraBold.ttf */,
				0010CACE29782E4700F8705B /* OpenSans-Regular.ttf */,
				0010CAD029782E4800F8705B /* OpenSans-SemiBold.ttf */,
				0010CACA29782E1500F8705B /* OpenSans-Bold.ttf */,
			);
			path = Fonts;
			sourceTree = "<group>";
		};
		006031AD2979B76C00CD9A16 /* TabBarVC */ = {
			isa = PBXGroup;
			children = (
				006031AE2979B79400CD9A16 /* TabBarViewController.swift */,
				006031BC297BCB3500CD9A16 /* TabBarItems.swift */,
			);
			path = TabBarVC;
			sourceTree = "<group>";
		};
		006031B0297BC9B700CD9A16 /* Profile */ = {
			isa = PBXGroup;
			children = (
				006031BA297BCA9600CD9A16 /* ProfileViewController.swift */,
			);
			path = Profile;
			sourceTree = "<group>";
		};
		006031B1297BC9BB00CD9A16 /* MyList */ = {
			isa = PBXGroup;
			children = (
				006031B8297BCA7B00CD9A16 /* MyListViewController.swift */,
			);
			path = MyList;
			sourceTree = "<group>";
		};
		006031B2297BC9C900CD9A16 /* Search */ = {
			isa = PBXGroup;
			children = (
				006031B6297BCA6800CD9A16 /* SearchViewController.swift */,
			);
			path = Search;
			sourceTree = "<group>";
		};
		006031B3297BC9CE00CD9A16 /* Home */ = {
			isa = PBXGroup;
			children = (
				006031B4297BCA5700CD9A16 /* HomeViewController.swift */,
			);
			path = Home;
			sourceTree = "<group>";
		};
		006031BE297C086400CD9A16 /* AppStartManager */ = {
			isa = PBXGroup;
			children = (
				006031BF297C087F00CD9A16 /* StartManager.swift */,
			);
			path = AppStartManager;
			sourceTree = "<group>";
		};
		3A8F30D32974395F00F24DF7 = {
			isa = PBXGroup;
			children = (
				3A8F30DE2974395F00F24DF7 /* ShikiApp */,
				3A8F30F82974396000F24DF7 /* ShikiAppTests */,
				3A8F31022974396000F24DF7 /* ShikiAppUITests */,
				3A8F30DD2974395F00F24DF7 /* Products */,
			);
			sourceTree = "<group>";
		};
		3A8F30DD2974395F00F24DF7 /* Products */ = {
			isa = PBXGroup;
			children = (
				3A8F30DC2974395F00F24DF7 /* ShikiApp.app */,
				3A8F30F52974396000F24DF7 /* ShikiAppTests.xctest */,
				3A8F30FF2974396000F24DF7 /* ShikiAppUITests.xctest */,
			);
			name = Products;
			sourceTree = "<group>";
		};
		3A8F30DE2974395F00F24DF7 /* ShikiApp */ = {
			isa = PBXGroup;
			children = (
				3A8F3112297441BD00F24DF7 /* App */,
				3A8F31172974422100F24DF7 /* Core */,
				3A8F31182974422900F24DF7 /* Resources */,
				3A8F31192974423200F24DF7 /* Environments */,
			);
			path = ShikiApp;
			sourceTree = "<group>";
		};
		3A8F30F82974396000F24DF7 /* ShikiAppTests */ = {
			isa = PBXGroup;
			children = (
				3A8F30F92974396000F24DF7 /* ShikiAppTests.swift */,
			);
			path = ShikiAppTests;
			sourceTree = "<group>";
		};
		3A8F31022974396000F24DF7 /* ShikiAppUITests */ = {
			isa = PBXGroup;
			children = (
				3A8F31032974396000F24DF7 /* ShikiAppUITests.swift */,
				3A8F31052974396000F24DF7 /* ShikiAppUITestsLaunchTests.swift */,
			);
			path = ShikiAppUITests;
			sourceTree = "<group>";
		};
		3A8F3112297441BD00F24DF7 /* App */ = {
			isa = PBXGroup;
			children = (
				3A8F30DF2974395F00F24DF7 /* AppDelegate.swift */,
				3A8F30E12974395F00F24DF7 /* SceneDelegate.swift */,
				3A8F3114297441EB00F24DF7 /* BusinessLogic */,
				3A8F3115297441F400F24DF7 /* Entity */,
				3A8F31162974420D00F24DF7 /* Assembly */,
				3A8F3113297441CF00F24DF7 /* Flows */,
			);
			path = App;
			sourceTree = "<group>";
		};
		3A8F3113297441CF00F24DF7 /* Flows */ = {
			isa = PBXGroup;
			children = (
				3A8F30E32974395F00F24DF7 /* ViewController.swift */,
				006031AD2979B76C00CD9A16 /* TabBarVC */,
				006031B3297BC9CE00CD9A16 /* Home */,
				006031B2297BC9C900CD9A16 /* Search */,
				006031B1297BC9BB00CD9A16 /* MyList */,
				006031B0297BC9B700CD9A16 /* Profile */,
			);
			path = Flows;
			sourceTree = "<group>";
		};
		3A8F3114297441EB00F24DF7 /* BusinessLogic */ = {
			isa = PBXGroup;
			children = (
				006031BE297C086400CD9A16 /* AppStartManager */,
			);
			path = BusinessLogic;
			sourceTree = "<group>";
		};
		3A8F3115297441F400F24DF7 /* Entity */ = {
			isa = PBXGroup;
			children = (
				3A8F30E82974395F00F24DF7 /* ShikiApp.xcdatamodeld */,
			);
			path = Entity;
			sourceTree = "<group>";
		};
		3A8F31162974420D00F24DF7 /* Assembly */ = {
			isa = PBXGroup;
			children = (
			);
			path = Assembly;
			sourceTree = "<group>";
		};
		3A8F31172974422100F24DF7 /* Core */ = {
			isa = PBXGroup;
			children = (
				0010CAB42977FF9A00F8705B /* Helpers */,
				0010CABA297801A900F8705B /* UIComponents */,
				0010CAB92978018C00F8705B /* Extensions */,
			);
			path = Core;
			sourceTree = "<group>";
		};
		3A8F31182974422900F24DF7 /* Resources */ = {
			isa = PBXGroup;
			children = (
				0010CAC42978138500F8705B /* Texts.swift */,
				0010CADE29784E3C00F8705B /* Constants.swift */,
				0010CAC92978236C00F8705B /* Fonts */,
				3A8F30EB2974396000F24DF7 /* Assets.xcassets */,
				3A8F30ED2974396000F24DF7 /* LaunchScreen.storyboard */,
			);
			path = Resources;
			sourceTree = "<group>";
		};
		3A8F31192974423200F24DF7 /* Environments */ = {
			isa = PBXGroup;
			children = (
				3A8F30F02974396000F24DF7 /* Info.plist */,
			);
			path = Environments;
			sourceTree = "<group>";
		};
/* End PBXGroup section */

/* Begin PBXNativeTarget section */
		3A8F30DB2974395F00F24DF7 /* ShikiApp */ = {
			isa = PBXNativeTarget;
			buildConfigurationList = 3A8F31092974396000F24DF7 /* Build configuration list for PBXNativeTarget "ShikiApp" */;
			buildPhases = (
				3A8F30D82974395F00F24DF7 /* Sources */,
				3A8F30D92974395F00F24DF7 /* Frameworks */,
				3A8F30DA2974395F00F24DF7 /* Resources */,
				3A8F311A2974450400F24DF7 /* ShellScript */,
			);
			buildRules = (
			);
			dependencies = (
			);
			name = ShikiApp;
			productName = ShikiApp;
			productReference = 3A8F30DC2974395F00F24DF7 /* ShikiApp.app */;
			productType = "com.apple.product-type.application";
		};
		3A8F30F42974396000F24DF7 /* ShikiAppTests */ = {
			isa = PBXNativeTarget;
			buildConfigurationList = 3A8F310C2974396000F24DF7 /* Build configuration list for PBXNativeTarget "ShikiAppTests" */;
			buildPhases = (
				3A8F30F12974396000F24DF7 /* Sources */,
				3A8F30F22974396000F24DF7 /* Frameworks */,
				3A8F30F32974396000F24DF7 /* Resources */,
			);
			buildRules = (
			);
			dependencies = (
				3A8F30F72974396000F24DF7 /* PBXTargetDependency */,
			);
			name = ShikiAppTests;
			productName = ShikiAppTests;
			productReference = 3A8F30F52974396000F24DF7 /* ShikiAppTests.xctest */;
			productType = "com.apple.product-type.bundle.unit-test";
		};
		3A8F30FE2974396000F24DF7 /* ShikiAppUITests */ = {
			isa = PBXNativeTarget;
			buildConfigurationList = 3A8F310F2974396000F24DF7 /* Build configuration list for PBXNativeTarget "ShikiAppUITests" */;
			buildPhases = (
				3A8F30FB2974396000F24DF7 /* Sources */,
				3A8F30FC2974396000F24DF7 /* Frameworks */,
				3A8F30FD2974396000F24DF7 /* Resources */,
			);
			buildRules = (
			);
			dependencies = (
				3A8F31012974396000F24DF7 /* PBXTargetDependency */,
			);
			name = ShikiAppUITests;
			productName = ShikiAppUITests;
			productReference = 3A8F30FF2974396000F24DF7 /* ShikiAppUITests.xctest */;
			productType = "com.apple.product-type.bundle.ui-testing";
		};
/* End PBXNativeTarget section */

/* Begin PBXProject section */
		3A8F30D42974395F00F24DF7 /* Project object */ = {
			isa = PBXProject;
			attributes = {
				BuildIndependentTargetsInParallel = 1;
				LastSwiftUpdateCheck = 1420;
				LastUpgradeCheck = 1420;
				TargetAttributes = {
					3A8F30DB2974395F00F24DF7 = {
						CreatedOnToolsVersion = 14.2;
					};
					3A8F30F42974396000F24DF7 = {
						CreatedOnToolsVersion = 14.2;
						TestTargetID = 3A8F30DB2974395F00F24DF7;
					};
					3A8F30FE2974396000F24DF7 = {
						CreatedOnToolsVersion = 14.2;
						TestTargetID = 3A8F30DB2974395F00F24DF7;
					};
				};
			};
			buildConfigurationList = 3A8F30D72974395F00F24DF7 /* Build configuration list for PBXProject "ShikiApp" */;
			compatibilityVersion = "Xcode 14.0";
			developmentRegion = en;
			hasScannedForEncodings = 0;
			knownRegions = (
				en,
				Base,
			);
			mainGroup = 3A8F30D32974395F00F24DF7;
			productRefGroup = 3A8F30DD2974395F00F24DF7 /* Products */;
			projectDirPath = "";
			projectRoot = "";
			targets = (
				3A8F30DB2974395F00F24DF7 /* ShikiApp */,
				3A8F30F42974396000F24DF7 /* ShikiAppTests */,
				3A8F30FE2974396000F24DF7 /* ShikiAppUITests */,
			);
		};
/* End PBXProject section */

/* Begin PBXResourcesBuildPhase section */
		3A8F30DA2974395F00F24DF7 /* Resources */ = {
			isa = PBXResourcesBuildPhase;
			buildActionMask = 2147483647;
			files = (
				3A8F30EF2974396000F24DF7 /* LaunchScreen.storyboard in Resources */,
				3A8F30EC2974396000F24DF7 /* Assets.xcassets in Resources */,
				0010CAD129782E4800F8705B /* OpenSans-Regular.ttf in Resources */,
				0010CACB29782E1500F8705B /* OpenSans-Bold.ttf in Resources */,
				0010CAD729782E4800F8705B /* OpenSans-SemiBold.ttf in Resources */,
				0010CAD429782E4800F8705B /* OpenSans-ExtraBold.ttf in Resources */,
			);
			runOnlyForDeploymentPostprocessing = 0;
		};
		3A8F30F32974396000F24DF7 /* Resources */ = {
			isa = PBXResourcesBuildPhase;
			buildActionMask = 2147483647;
			files = (
				0010CAD829782E4800F8705B /* OpenSans-SemiBold.ttf in Resources */,
				0010CAD229782E4800F8705B /* OpenSans-Regular.ttf in Resources */,
				0010CACC29782E1500F8705B /* OpenSans-Bold.ttf in Resources */,
				0010CAD529782E4800F8705B /* OpenSans-ExtraBold.ttf in Resources */,
			);
			runOnlyForDeploymentPostprocessing = 0;
		};
		3A8F30FD2974396000F24DF7 /* Resources */ = {
			isa = PBXResourcesBuildPhase;
			buildActionMask = 2147483647;
			files = (
				0010CAD929782E4800F8705B /* OpenSans-SemiBold.ttf in Resources */,
				0010CAD329782E4800F8705B /* OpenSans-Regular.ttf in Resources */,
				0010CACD29782E1500F8705B /* OpenSans-Bold.ttf in Resources */,
				0010CAD629782E4800F8705B /* OpenSans-ExtraBold.ttf in Resources */,
			);
			runOnlyForDeploymentPostprocessing = 0;
		};
/* End PBXResourcesBuildPhase section */

/* Begin PBXShellScriptBuildPhase section */
		3A8F311A2974450400F24DF7 /* ShellScript */ = {
			isa = PBXShellScriptBuildPhase;
			alwaysOutOfDate = 1;
			buildActionMask = 2147483647;
			files = (
			);
			inputFileListPaths = (
			);
			inputPaths = (
			);
			outputFileListPaths = (
			);
			outputPaths = (
			);
			runOnlyForDeploymentPostprocessing = 0;
			shellPath = /bin/sh;
			shellScript = "export PATH=\"$PATH:/opt/homebrew/bin\"\nif which swiftlint > /dev/null; then\n  swiftlint\nelse\n  echo \"warning: SwiftLint not installed, download from https://github.com/realm/SwiftLint\"\n   exit 1\nfi\n";
		};
/* End PBXShellScriptBuildPhase section */

/* Begin PBXSourcesBuildPhase section */
		3A8F30D82974395F00F24DF7 /* Sources */ = {
			isa = PBXSourcesBuildPhase;
			buildActionMask = 2147483647;
			files = (
				0010CABF297802A700F8705B /* UIView+addSubviews.swift in Sources */,
				3A8F30E42974395F00F24DF7 /* ViewController.swift in Sources */,
				006031B9297BCA7B00CD9A16 /* MyListViewController.swift in Sources */,
				0010CAB62977FFBE00F8705B /* AppColor.swift in Sources */,
				0010CAB82977FFDD00F8705B /* AppFont.swift in Sources */,
				006031AF2979B79400CD9A16 /* TabBarViewController.swift in Sources */,
				006031BB297BCA9600CD9A16 /* ProfileViewController.swift in Sources */,
				006031B5297BCA5700CD9A16 /* HomeViewController.swift in Sources */,
				0010CABD297801E900F8705B /* AppLabel.swift in Sources */,
				0010CADB29783E7400F8705B /* AppImage.swift in Sources */,
				006031C0297C087F00CD9A16 /* StartManager.swift in Sources */,
				0010CAC82978161600F8705B /* UITableView+RegisterCell.swift in Sources */,
				0010CADF29784E3C00F8705B /* Constants.swift in Sources */,
				006031B7297BCA6800CD9A16 /* SearchViewController.swift in Sources */,
				006031BD297BCB3500CD9A16 /* TabBarItems.swift in Sources */,
				3A8F30E02974395F00F24DF7 /* AppDelegate.swift in Sources */,
				3A8F30EA2974395F00F24DF7 /* ShikiApp.xcdatamodeld in Sources */,
				3A8F30E22974395F00F24DF7 /* SceneDelegate.swift in Sources */,
				0010CAC52978138500F8705B /* Texts.swift in Sources */,
				0010CAC329780D5100F8705B /* UICollectionView+RegisterCell.swift in Sources */,
			);
			runOnlyForDeploymentPostprocessing = 0;
		};
		3A8F30F12974396000F24DF7 /* Sources */ = {
			isa = PBXSourcesBuildPhase;
			buildActionMask = 2147483647;
			files = (
				3A8F30FA2974396000F24DF7 /* ShikiAppTests.swift in Sources */,
				0010CADC29783E7400F8705B /* AppImage.swift in Sources */,
				0010CAE029784E3C00F8705B /* Constants.swift in Sources */,
			);
			runOnlyForDeploymentPostprocessing = 0;
		};
		3A8F30FB2974396000F24DF7 /* Sources */ = {
			isa = PBXSourcesBuildPhase;
			buildActionMask = 2147483647;
			files = (
				3A8F31062974396000F24DF7 /* ShikiAppUITestsLaunchTests.swift in Sources */,
				3A8F31042974396000F24DF7 /* ShikiAppUITests.swift in Sources */,
				0010CADD29783E7400F8705B /* AppImage.swift in Sources */,
				0010CAE129784E3C00F8705B /* Constants.swift in Sources */,
			);
			runOnlyForDeploymentPostprocessing = 0;
		};
/* End PBXSourcesBuildPhase section */

/* Begin PBXTargetDependency section */
		3A8F30F72974396000F24DF7 /* PBXTargetDependency */ = {
			isa = PBXTargetDependency;
			target = 3A8F30DB2974395F00F24DF7 /* ShikiApp */;
			targetProxy = 3A8F30F62974396000F24DF7 /* PBXContainerItemProxy */;
		};
		3A8F31012974396000F24DF7 /* PBXTargetDependency */ = {
			isa = PBXTargetDependency;
			target = 3A8F30DB2974395F00F24DF7 /* ShikiApp */;
			targetProxy = 3A8F31002974396000F24DF7 /* PBXContainerItemProxy */;
		};
/* End PBXTargetDependency section */

/* Begin PBXVariantGroup section */
		3A8F30ED2974396000F24DF7 /* LaunchScreen.storyboard */ = {
			isa = PBXVariantGroup;
			children = (
				3A8F30EE2974396000F24DF7 /* Base */,
			);
			name = LaunchScreen.storyboard;
			sourceTree = "<group>";
		};
/* End PBXVariantGroup section */

/* Begin XCBuildConfiguration section */
		3A8F31072974396000F24DF7 /* Debug */ = {
			isa = XCBuildConfiguration;
			buildSettings = {
				ALWAYS_SEARCH_USER_PATHS = NO;
				CLANG_ANALYZER_NONNULL = YES;
				CLANG_ANALYZER_NUMBER_OBJECT_CONVERSION = YES_AGGRESSIVE;
				CLANG_CXX_LANGUAGE_STANDARD = "gnu++20";
				CLANG_ENABLE_MODULES = YES;
				CLANG_ENABLE_OBJC_ARC = YES;
				CLANG_ENABLE_OBJC_WEAK = YES;
				CLANG_WARN_BLOCK_CAPTURE_AUTORELEASING = YES;
				CLANG_WARN_BOOL_CONVERSION = YES;
				CLANG_WARN_COMMA = YES;
				CLANG_WARN_CONSTANT_CONVERSION = YES;
				CLANG_WARN_DEPRECATED_OBJC_IMPLEMENTATIONS = YES;
				CLANG_WARN_DIRECT_OBJC_ISA_USAGE = YES_ERROR;
				CLANG_WARN_DOCUMENTATION_COMMENTS = YES;
				CLANG_WARN_EMPTY_BODY = YES;
				CLANG_WARN_ENUM_CONVERSION = YES;
				CLANG_WARN_INFINITE_RECURSION = YES;
				CLANG_WARN_INT_CONVERSION = YES;
				CLANG_WARN_NON_LITERAL_NULL_CONVERSION = YES;
				CLANG_WARN_OBJC_IMPLICIT_RETAIN_SELF = YES;
				CLANG_WARN_OBJC_LITERAL_CONVERSION = YES;
				CLANG_WARN_OBJC_ROOT_CLASS = YES_ERROR;
				CLANG_WARN_QUOTED_INCLUDE_IN_FRAMEWORK_HEADER = YES;
				CLANG_WARN_RANGE_LOOP_ANALYSIS = YES;
				CLANG_WARN_STRICT_PROTOTYPES = YES;
				CLANG_WARN_SUSPICIOUS_MOVE = YES;
				CLANG_WARN_UNGUARDED_AVAILABILITY = YES_AGGRESSIVE;
				CLANG_WARN_UNREACHABLE_CODE = YES;
				CLANG_WARN__DUPLICATE_METHOD_MATCH = YES;
				COPY_PHASE_STRIP = NO;
				DEBUG_INFORMATION_FORMAT = dwarf;
				ENABLE_STRICT_OBJC_MSGSEND = YES;
				ENABLE_TESTABILITY = YES;
				GCC_C_LANGUAGE_STANDARD = gnu11;
				GCC_DYNAMIC_NO_PIC = NO;
				GCC_NO_COMMON_BLOCKS = YES;
				GCC_OPTIMIZATION_LEVEL = 0;
				GCC_PREPROCESSOR_DEFINITIONS = (
					"DEBUG=1",
					"$(inherited)",
				);
				GCC_WARN_64_TO_32_BIT_CONVERSION = YES;
				GCC_WARN_ABOUT_RETURN_TYPE = YES_ERROR;
				GCC_WARN_UNDECLARED_SELECTOR = YES;
				GCC_WARN_UNINITIALIZED_AUTOS = YES_AGGRESSIVE;
				GCC_WARN_UNUSED_FUNCTION = YES;
				GCC_WARN_UNUSED_VARIABLE = YES;
				IPHONEOS_DEPLOYMENT_TARGET = 16.2;
				MTL_ENABLE_DEBUG_INFO = INCLUDE_SOURCE;
				MTL_FAST_MATH = YES;
				ONLY_ACTIVE_ARCH = YES;
				SDKROOT = iphoneos;
				SWIFT_ACTIVE_COMPILATION_CONDITIONS = DEBUG;
				SWIFT_OPTIMIZATION_LEVEL = "-Onone";
			};
			name = Debug;
		};
		3A8F31082974396000F24DF7 /* Release */ = {
			isa = XCBuildConfiguration;
			buildSettings = {
				ALWAYS_SEARCH_USER_PATHS = NO;
				CLANG_ANALYZER_NONNULL = YES;
				CLANG_ANALYZER_NUMBER_OBJECT_CONVERSION = YES_AGGRESSIVE;
				CLANG_CXX_LANGUAGE_STANDARD = "gnu++20";
				CLANG_ENABLE_MODULES = YES;
				CLANG_ENABLE_OBJC_ARC = YES;
				CLANG_ENABLE_OBJC_WEAK = YES;
				CLANG_WARN_BLOCK_CAPTURE_AUTORELEASING = YES;
				CLANG_WARN_BOOL_CONVERSION = YES;
				CLANG_WARN_COMMA = YES;
				CLANG_WARN_CONSTANT_CONVERSION = YES;
				CLANG_WARN_DEPRECATED_OBJC_IMPLEMENTATIONS = YES;
				CLANG_WARN_DIRECT_OBJC_ISA_USAGE = YES_ERROR;
				CLANG_WARN_DOCUMENTATION_COMMENTS = YES;
				CLANG_WARN_EMPTY_BODY = YES;
				CLANG_WARN_ENUM_CONVERSION = YES;
				CLANG_WARN_INFINITE_RECURSION = YES;
				CLANG_WARN_INT_CONVERSION = YES;
				CLANG_WARN_NON_LITERAL_NULL_CONVERSION = YES;
				CLANG_WARN_OBJC_IMPLICIT_RETAIN_SELF = YES;
				CLANG_WARN_OBJC_LITERAL_CONVERSION = YES;
				CLANG_WARN_OBJC_ROOT_CLASS = YES_ERROR;
				CLANG_WARN_QUOTED_INCLUDE_IN_FRAMEWORK_HEADER = YES;
				CLANG_WARN_RANGE_LOOP_ANALYSIS = YES;
				CLANG_WARN_STRICT_PROTOTYPES = YES;
				CLANG_WARN_SUSPICIOUS_MOVE = YES;
				CLANG_WARN_UNGUARDED_AVAILABILITY = YES_AGGRESSIVE;
				CLANG_WARN_UNREACHABLE_CODE = YES;
				CLANG_WARN__DUPLICATE_METHOD_MATCH = YES;
				COPY_PHASE_STRIP = NO;
				DEBUG_INFORMATION_FORMAT = "dwarf-with-dsym";
				ENABLE_NS_ASSERTIONS = NO;
				ENABLE_STRICT_OBJC_MSGSEND = YES;
				GCC_C_LANGUAGE_STANDARD = gnu11;
				GCC_NO_COMMON_BLOCKS = YES;
				GCC_WARN_64_TO_32_BIT_CONVERSION = YES;
				GCC_WARN_ABOUT_RETURN_TYPE = YES_ERROR;
				GCC_WARN_UNDECLARED_SELECTOR = YES;
				GCC_WARN_UNINITIALIZED_AUTOS = YES_AGGRESSIVE;
				GCC_WARN_UNUSED_FUNCTION = YES;
				GCC_WARN_UNUSED_VARIABLE = YES;
				IPHONEOS_DEPLOYMENT_TARGET = 16.2;
				MTL_ENABLE_DEBUG_INFO = NO;
				MTL_FAST_MATH = YES;
				SDKROOT = iphoneos;
				SWIFT_COMPILATION_MODE = wholemodule;
				SWIFT_OPTIMIZATION_LEVEL = "-O";
				VALIDATE_PRODUCT = YES;
			};
			name = Release;
		};
		3A8F310A2974396000F24DF7 /* Debug */ = {
			isa = XCBuildConfiguration;
			buildSettings = {
				ASSETCATALOG_COMPILER_APPICON_NAME = AppIcon;
				ASSETCATALOG_COMPILER_GLOBAL_ACCENT_COLOR_NAME = AccentColor;
				CODE_SIGN_STYLE = Automatic;
				CURRENT_PROJECT_VERSION = 1;
				GENERATE_INFOPLIST_FILE = YES;
				INFOPLIST_FILE = ShikiApp/Environments/Info.plist;
				INFOPLIST_KEY_UIApplicationSupportsIndirectInputEvents = YES;
				INFOPLIST_KEY_UILaunchStoryboardName = LaunchScreen;
				INFOPLIST_KEY_UISupportedInterfaceOrientations_iPad = "UIInterfaceOrientationPortrait UIInterfaceOrientationPortraitUpsideDown UIInterfaceOrientationLandscapeLeft UIInterfaceOrientationLandscapeRight";
				INFOPLIST_KEY_UISupportedInterfaceOrientations_iPhone = "UIInterfaceOrientationPortrait UIInterfaceOrientationLandscapeLeft UIInterfaceOrientationLandscapeRight";
				LD_RUNPATH_SEARCH_PATHS = (
					"$(inherited)",
					"@executable_path/Frameworks",
				);
				MARKETING_VERSION = 1.0;
				PRODUCT_BUNDLE_IDENTIFIER = com.example.ShikiApp;
				PRODUCT_NAME = "$(TARGET_NAME)";
				SWIFT_EMIT_LOC_STRINGS = YES;
				SWIFT_VERSION = 5.0;
				TARGETED_DEVICE_FAMILY = "1,2";
			};
			name = Debug;
		};
		3A8F310B2974396000F24DF7 /* Release */ = {
			isa = XCBuildConfiguration;
			buildSettings = {
				ASSETCATALOG_COMPILER_APPICON_NAME = AppIcon;
				ASSETCATALOG_COMPILER_GLOBAL_ACCENT_COLOR_NAME = AccentColor;
				CODE_SIGN_STYLE = Automatic;
				CURRENT_PROJECT_VERSION = 1;
				GENERATE_INFOPLIST_FILE = YES;
				INFOPLIST_FILE = ShikiApp/Environments/Info.plist;
				INFOPLIST_KEY_UIApplicationSupportsIndirectInputEvents = YES;
				INFOPLIST_KEY_UILaunchStoryboardName = LaunchScreen;
				INFOPLIST_KEY_UISupportedInterfaceOrientations_iPad = "UIInterfaceOrientationPortrait UIInterfaceOrientationPortraitUpsideDown UIInterfaceOrientationLandscapeLeft UIInterfaceOrientationLandscapeRight";
				INFOPLIST_KEY_UISupportedInterfaceOrientations_iPhone = "UIInterfaceOrientationPortrait UIInterfaceOrientationLandscapeLeft UIInterfaceOrientationLandscapeRight";
				LD_RUNPATH_SEARCH_PATHS = (
					"$(inherited)",
					"@executable_path/Frameworks",
				);
				MARKETING_VERSION = 1.0;
				PRODUCT_BUNDLE_IDENTIFIER = com.example.ShikiApp;
				PRODUCT_NAME = "$(TARGET_NAME)";
				SWIFT_EMIT_LOC_STRINGS = YES;
				SWIFT_VERSION = 5.0;
				TARGETED_DEVICE_FAMILY = "1,2";
			};
			name = Release;
		};
		3A8F310D2974396000F24DF7 /* Debug */ = {
			isa = XCBuildConfiguration;
			buildSettings = {
				ALWAYS_EMBED_SWIFT_STANDARD_LIBRARIES = YES;
				BUNDLE_LOADER = "$(TEST_HOST)";
				CODE_SIGN_STYLE = Automatic;
				CURRENT_PROJECT_VERSION = 1;
				GENERATE_INFOPLIST_FILE = YES;
				IPHONEOS_DEPLOYMENT_TARGET = 16.2;
				MARKETING_VERSION = 1.0;
				PRODUCT_BUNDLE_IDENTIFIER = com.example.ShikiAppTests;
				PRODUCT_NAME = "$(TARGET_NAME)";
				SWIFT_EMIT_LOC_STRINGS = NO;
				SWIFT_VERSION = 5.0;
				TARGETED_DEVICE_FAMILY = "1,2";
				TEST_HOST = "$(BUILT_PRODUCTS_DIR)/ShikiApp.app/$(BUNDLE_EXECUTABLE_FOLDER_PATH)/ShikiApp";
			};
			name = Debug;
		};
		3A8F310E2974396000F24DF7 /* Release */ = {
			isa = XCBuildConfiguration;
			buildSettings = {
				ALWAYS_EMBED_SWIFT_STANDARD_LIBRARIES = YES;
				BUNDLE_LOADER = "$(TEST_HOST)";
				CODE_SIGN_STYLE = Automatic;
				CURRENT_PROJECT_VERSION = 1;
				GENERATE_INFOPLIST_FILE = YES;
				IPHONEOS_DEPLOYMENT_TARGET = 16.2;
				MARKETING_VERSION = 1.0;
				PRODUCT_BUNDLE_IDENTIFIER = com.example.ShikiAppTests;
				PRODUCT_NAME = "$(TARGET_NAME)";
				SWIFT_EMIT_LOC_STRINGS = NO;
				SWIFT_VERSION = 5.0;
				TARGETED_DEVICE_FAMILY = "1,2";
				TEST_HOST = "$(BUILT_PRODUCTS_DIR)/ShikiApp.app/$(BUNDLE_EXECUTABLE_FOLDER_PATH)/ShikiApp";
			};
			name = Release;
		};
		3A8F31102974396000F24DF7 /* Debug */ = {
			isa = XCBuildConfiguration;
			buildSettings = {
				ALWAYS_EMBED_SWIFT_STANDARD_LIBRARIES = YES;
				CODE_SIGN_STYLE = Automatic;
				CURRENT_PROJECT_VERSION = 1;
				GENERATE_INFOPLIST_FILE = YES;
				MARKETING_VERSION = 1.0;
				PRODUCT_BUNDLE_IDENTIFIER = com.example.ShikiAppUITests;
				PRODUCT_NAME = "$(TARGET_NAME)";
				SWIFT_EMIT_LOC_STRINGS = NO;
				SWIFT_VERSION = 5.0;
				TARGETED_DEVICE_FAMILY = "1,2";
				TEST_TARGET_NAME = ShikiApp;
			};
			name = Debug;
		};
		3A8F31112974396000F24DF7 /* Release */ = {
			isa = XCBuildConfiguration;
			buildSettings = {
				ALWAYS_EMBED_SWIFT_STANDARD_LIBRARIES = YES;
				CODE_SIGN_STYLE = Automatic;
				CURRENT_PROJECT_VERSION = 1;
				GENERATE_INFOPLIST_FILE = YES;
				MARKETING_VERSION = 1.0;
				PRODUCT_BUNDLE_IDENTIFIER = com.example.ShikiAppUITests;
				PRODUCT_NAME = "$(TARGET_NAME)";
				SWIFT_EMIT_LOC_STRINGS = NO;
				SWIFT_VERSION = 5.0;
				TARGETED_DEVICE_FAMILY = "1,2";
				TEST_TARGET_NAME = ShikiApp;
			};
			name = Release;
		};
/* End XCBuildConfiguration section */

/* Begin XCConfigurationList section */
		3A8F30D72974395F00F24DF7 /* Build configuration list for PBXProject "ShikiApp" */ = {
			isa = XCConfigurationList;
			buildConfigurations = (
				3A8F31072974396000F24DF7 /* Debug */,
				3A8F31082974396000F24DF7 /* Release */,
			);
			defaultConfigurationIsVisible = 0;
			defaultConfigurationName = Release;
		};
		3A8F31092974396000F24DF7 /* Build configuration list for PBXNativeTarget "ShikiApp" */ = {
			isa = XCConfigurationList;
			buildConfigurations = (
				3A8F310A2974396000F24DF7 /* Debug */,
				3A8F310B2974396000F24DF7 /* Release */,
			);
			defaultConfigurationIsVisible = 0;
			defaultConfigurationName = Release;
		};
		3A8F310C2974396000F24DF7 /* Build configuration list for PBXNativeTarget "ShikiAppTests" */ = {
			isa = XCConfigurationList;
			buildConfigurations = (
				3A8F310D2974396000F24DF7 /* Debug */,
				3A8F310E2974396000F24DF7 /* Release */,
			);
			defaultConfigurationIsVisible = 0;
			defaultConfigurationName = Release;
		};
		3A8F310F2974396000F24DF7 /* Build configuration list for PBXNativeTarget "ShikiAppUITests" */ = {
			isa = XCConfigurationList;
			buildConfigurations = (
				3A8F31102974396000F24DF7 /* Debug */,
				3A8F31112974396000F24DF7 /* Release */,
			);
			defaultConfigurationIsVisible = 0;
			defaultConfigurationName = Release;
		};
/* End XCConfigurationList section */

/* Begin XCVersionGroup section */
		3A8F30E82974395F00F24DF7 /* ShikiApp.xcdatamodeld */ = {
			isa = XCVersionGroup;
			children = (
				3A8F30E92974395F00F24DF7 /* ShikiApp.xcdatamodel */,
			);
			currentVersion = 3A8F30E92974395F00F24DF7 /* ShikiApp.xcdatamodel */;
			path = ShikiApp.xcdatamodeld;
			sourceTree = "<group>";
			versionGroupType = wrapper.xcdatamodel;
		};
/* End XCVersionGroup section */
	};
	rootObject = 3A8F30D42974395F00F24DF7 /* Project object */;
}
